{
  "object": {
    "pins": [
      {
        "package": "PLCrashReporter",
        "repositoryURL": "https://github.com/lukaswuerzburger/plcrashreporter.git",
        "state": {
          "branch": "add-linux-support",
          "revision": "5a5fdb0b57f1ac0d14bb48d55233d9bbd7f2921b",
          "version": null
        }
      }
    ]
  },
  "version": 1
}
